// !$*UTF8*$!
{
	archiveVersion = 1;
	classes = {
	};
	objectVersion = 46;
	objects = {

/* Begin PBXBuildFile section */
		D13405121EB043A400368EF3 /* StudentClass.cpp in Sources */ = {isa = PBXBuildFile; fileRef = D13405101EB043A400368EF3 /* StudentClass.cpp */; };
		D13405151EB04DD700368EF3 /* DataClass.m in Sources */ = {isa = PBXBuildFile; fileRef = D13405141EB04DD700368EF3 /* DataClass.m */; };
		D13405181EB052F500368EF3 /* WeatherDetailViewController.mm in Sources */ = {isa = PBXBuildFile; fileRef = D13405171EB052F500368EF3 /* WeatherDetailViewController.mm */; };
		D134051B1EB0709B00368EF3 /* HeightCaculateModel.cpp in Sources */ = {isa = PBXBuildFile; fileRef = D13405191EB0709B00368EF3 /* HeightCaculateModel.cpp */; };
		D1573B631EB1784600CCBE68 /* RequestClass.cpp in Sources */ = {isa = PBXBuildFile; fileRef = D1573B611EB1784600CCBE68 /* RequestClass.cpp */; };
		D1573B821EB18BB600CCBE68 /* MyBlutoothClass.m in Sources */ = {isa = PBXBuildFile; fileRef = D1573B811EB18BB600CCBE68 /* MyBlutoothClass.m */; };
		D1573B861EB1C4BA00CCBE68 /* SocketClass.m in Sources */ = {isa = PBXBuildFile; fileRef = D1573B851EB1C4BA00CCBE68 /* SocketClass.m */; };
		D1573B881EB1CABC00CCBE68 /* CocoaAsyncSocket.framework in Frameworks */ = {isa = PBXBuildFile; fileRef = D1573B871EB1CABC00CCBE68 /* CocoaAsyncSocket.framework */; };
		D1711D921E9B641E008B5489 /* Images.xcassets in Resources */ = {isa = PBXBuildFile; fileRef = D1711D911E9B641E008B5489 /* Images.xcassets */; };
		D1CF3FE21E8F7A4600308A2C /* main.m in Sources */ = {isa = PBXBuildFile; fileRef = D1CF3FE11E8F7A4600308A2C /* main.m */; };
		D1CF3FE51E8F7A4600308A2C /* AppDelegate.m in Sources */ = {isa = PBXBuildFile; fileRef = D1CF3FE41E8F7A4600308A2C /* AppDelegate.m */; };
		D1CF3FEB1E8F7A4600308A2C /* Main.storyboard in Resources */ = {isa = PBXBuildFile; fileRef = D1CF3FE91E8F7A4600308A2C /* Main.storyboard */; };
		D1CF3FED1E8F7A4600308A2C /* Assets.xcassets in Resources */ = {isa = PBXBuildFile; fileRef = D1CF3FEC1E8F7A4600308A2C /* Assets.xcassets */; };
		D1CF3FF01E8F7A4600308A2C /* LaunchScreen.storyboard in Resources */ = {isa = PBXBuildFile; fileRef = D1CF3FEE1E8F7A4600308A2C /* LaunchScreen.storyboard */; };
		D1CF3FFB1E8F7A4700308A2C /* xiaozhaoTests.m in Sources */ = {isa = PBXBuildFile; fileRef = D1CF3FFA1E8F7A4700308A2C /* xiaozhaoTests.m */; };
		D1CF40061E8F7A4700308A2C /* xiaozhaoUITests.m in Sources */ = {isa = PBXBuildFile; fileRef = D1CF40051E8F7A4700308A2C /* xiaozhaoUITests.m */; };
		D1CF40161E8F7C1300308A2C /* MainWeatherViewController.m in Sources */ = {isa = PBXBuildFile; fileRef = D1CF40151E8F7C1300308A2C /* MainWeatherViewController.m */; };
		D1CF40451E8F8D0F00308A2C /* AFHTTPSessionManager.m in Sources */ = {isa = PBXBuildFile; fileRef = D1CF40191E8F8D0F00308A2C /* AFHTTPSessionManager.m */; };
		D1CF40461E8F8D0F00308A2C /* AFURLSessionManager.m in Sources */ = {isa = PBXBuildFile; fileRef = D1CF401B1E8F8D0F00308A2C /* AFURLSessionManager.m */; };
		D1CF40471E8F8D0F00308A2C /* AFNetworkReachabilityManager.m in Sources */ = {isa = PBXBuildFile; fileRef = D1CF401E1E8F8D0F00308A2C /* AFNetworkReachabilityManager.m */; };
		D1CF40481E8F8D0F00308A2C /* AFSecurityPolicy.m in Sources */ = {isa = PBXBuildFile; fileRef = D1CF40211E8F8D0F00308A2C /* AFSecurityPolicy.m */; };
		D1CF40491E8F8D0F00308A2C /* AFURLRequestSerialization.m in Sources */ = {isa = PBXBuildFile; fileRef = D1CF40241E8F8D0F00308A2C /* AFURLRequestSerialization.m */; };
		D1CF404A1E8F8D0F00308A2C /* AFURLResponseSerialization.m in Sources */ = {isa = PBXBuildFile; fileRef = D1CF40261E8F8D0F00308A2C /* AFURLResponseSerialization.m */; };
		D1CF404B1E8F8D0F00308A2C /* AFNetworking.xcconfig in Resources */ = {isa = PBXBuildFile; fileRef = D1CF40291E8F8D0F00308A2C /* AFNetworking.xcconfig */; };
		D1CF404C1E8F8D0F00308A2C /* AFNetworking-dummy.m in Sources */ = {isa = PBXBuildFile; fileRef = D1CF402A1E8F8D0F00308A2C /* AFNetworking-dummy.m */; };
		D1CF404D1E8F8D0F00308A2C /* Info.plist in Resources */ = {isa = PBXBuildFile; fileRef = D1CF402D1E8F8D0F00308A2C /* Info.plist */; };
		D1CF404E1E8F8D0F00308A2C /* AFAutoPurgingImageCache.m in Sources */ = {isa = PBXBuildFile; fileRef = D1CF40301E8F8D0F00308A2C /* AFAutoPurgingImageCache.m */; };
		D1CF404F1E8F8D0F00308A2C /* AFImageDownloader.m in Sources */ = {isa = PBXBuildFile; fileRef = D1CF40321E8F8D0F00308A2C /* AFImageDownloader.m */; };
		D1CF40501E8F8D0F00308A2C /* AFNetworkActivityIndicatorManager.m in Sources */ = {isa = PBXBuildFile; fileRef = D1CF40341E8F8D0F00308A2C /* AFNetworkActivityIndicatorManager.m */; };
		D1CF40511E8F8D0F00308A2C /* UIActivityIndicatorView+AFNetworking.m in Sources */ = {isa = PBXBuildFile; fileRef = D1CF40361E8F8D0F00308A2C /* UIActivityIndicatorView+AFNetworking.m */; };
		D1CF40521E8F8D0F00308A2C /* UIButton+AFNetworking.m in Sources */ = {isa = PBXBuildFile; fileRef = D1CF40381E8F8D0F00308A2C /* UIButton+AFNetworking.m */; };
		D1CF40531E8F8D0F00308A2C /* UIImageView+AFNetworking.m in Sources */ = {isa = PBXBuildFile; fileRef = D1CF403B1E8F8D0F00308A2C /* UIImageView+AFNetworking.m */; };
		D1CF40541E8F8D0F00308A2C /* UIProgressView+AFNetworking.m in Sources */ = {isa = PBXBuildFile; fileRef = D1CF403E1E8F8D0F00308A2C /* UIProgressView+AFNetworking.m */; };
		D1CF40551E8F8D0F00308A2C /* UIRefreshControl+AFNetworking.m in Sources */ = {isa = PBXBuildFile; fileRef = D1CF40401E8F8D0F00308A2C /* UIRefreshControl+AFNetworking.m */; };
		D1CF40561E8F8D0F00308A2C /* UIWebView+AFNetworking.m in Sources */ = {isa = PBXBuildFile; fileRef = D1CF40421E8F8D0F00308A2C /* UIWebView+AFNetworking.m */; };
		D1CF40901E8FAA0000308A2C /* ServerTools.m in Sources */ = {isa = PBXBuildFile; fileRef = D1CF408F1E8FAA0000308A2C /* ServerTools.m */; };
		D1FA68885B9731C9F339D7FF /* Pods_xiaozhao.framework in Frameworks */ = {isa = PBXBuildFile; fileRef = D7EE2AF5EEF07DEC9A3C30D4 /* Pods_xiaozhao.framework */; };
/* End PBXBuildFile section */

/* Begin PBXContainerItemProxy section */
		D1CF3FF71E8F7A4600308A2C /* PBXContainerItemProxy */ = {
			isa = PBXContainerItemProxy;
			containerPortal = D1CF3FD51E8F7A4600308A2C /* Project object */;
			proxyType = 1;
			remoteGlobalIDString = D1CF3FDC1E8F7A4600308A2C;
			remoteInfo = xiaozhao;
		};
		D1CF40021E8F7A4700308A2C /* PBXContainerItemProxy */ = {
			isa = PBXContainerItemProxy;
			containerPortal = D1CF3FD51E8F7A4600308A2C /* Project object */;
			proxyType = 1;
			remoteGlobalIDString = D1CF3FDC1E8F7A4600308A2C;
			remoteInfo = xiaozhao;
		};
/* End PBXContainerItemProxy section */

/* Begin PBXFileReference section */
		023020F17645EC6FA5F13C7B /* Pods-xiaozhao.debug.xcconfig */ = {isa = PBXFileReference; includeInIndex = 1; lastKnownFileType = text.xcconfig; name = "Pods-xiaozhao.debug.xcconfig"; path = "Pods/Target Support Files/Pods-xiaozhao/Pods-xiaozhao.debug.xcconfig"; sourceTree = "<group>"; };
		D13405101EB043A400368EF3 /* StudentClass.cpp */ = {isa = PBXFileReference; fileEncoding = 4; lastKnownFileType = sourcecode.cpp.cpp; path = StudentClass.cpp; sourceTree = "<group>"; };
		D13405111EB043A400368EF3 /* StudentClass.hpp */ = {isa = PBXFileReference; fileEncoding = 4; lastKnownFileType = sourcecode.cpp.h; path = StudentClass.hpp; sourceTree = "<group>"; };
		D13405131EB04DD700368EF3 /* DataClass.h */ = {isa = PBXFileReference; fileEncoding = 4; lastKnownFileType = sourcecode.c.h; path = DataClass.h; sourceTree = "<group>"; };
		D13405141EB04DD700368EF3 /* DataClass.m */ = {isa = PBXFileReference; fileEncoding = 4; lastKnownFileType = sourcecode.c.objc; path = DataClass.m; sourceTree = "<group>"; };
		D13405161EB052F500368EF3 /* WeatherDetailViewController.h */ = {isa = PBXFileReference; fileEncoding = 4; lastKnownFileType = sourcecode.c.h; path = WeatherDetailViewController.h; sourceTree = "<group>"; };
		D13405171EB052F500368EF3 /* WeatherDetailViewController.mm */ = {isa = PBXFileReference; fileEncoding = 4; lastKnownFileType = sourcecode.cpp.objcpp; path = WeatherDetailViewController.mm; sourceTree = "<group>"; };
		D13405191EB0709B00368EF3 /* HeightCaculateModel.cpp */ = {isa = PBXFileReference; fileEncoding = 4; lastKnownFileType = sourcecode.cpp.cpp; path = HeightCaculateModel.cpp; sourceTree = "<group>"; };
		D134051A1EB0709B00368EF3 /* HeightCaculateModel.hpp */ = {isa = PBXFileReference; fileEncoding = 4; lastKnownFileType = sourcecode.cpp.h; path = HeightCaculateModel.hpp; sourceTree = "<group>"; };
		D1573B611EB1784600CCBE68 /* RequestClass.cpp */ = {isa = PBXFileReference; fileEncoding = 4; lastKnownFileType = sourcecode.cpp.cpp; path = RequestClass.cpp; sourceTree = "<group>"; };
		D1573B621EB1784600CCBE68 /* RequestClass.hpp */ = {isa = PBXFileReference; fileEncoding = 4; lastKnownFileType = sourcecode.cpp.h; path = RequestClass.hpp; sourceTree = "<group>"; };
		D1573B801EB18BB600CCBE68 /* MyBlutoothClass.h */ = {isa = PBXFileReference; fileEncoding = 4; lastKnownFileType = sourcecode.c.h; path = MyBlutoothClass.h; sourceTree = "<group>"; };
		D1573B811EB18BB600CCBE68 /* MyBlutoothClass.m */ = {isa = PBXFileReference; fileEncoding = 4; lastKnownFileType = sourcecode.c.objc; path = MyBlutoothClass.m; sourceTree = "<group>"; };
		D1573B841EB1C4BA00CCBE68 /* SocketClass.h */ = {isa = PBXFileReference; fileEncoding = 4; lastKnownFileType = sourcecode.c.h; path = SocketClass.h; sourceTree = "<group>"; };
		D1573B851EB1C4BA00CCBE68 /* SocketClass.m */ = {isa = PBXFileReference; fileEncoding = 4; lastKnownFileType = sourcecode.c.objc; path = SocketClass.m; sourceTree = "<group>"; };
		D1573B871EB1CABC00CCBE68 /* CocoaAsyncSocket.framework */ = {isa = PBXFileReference; lastKnownFileType = wrapper.framework; name = CocoaAsyncSocket.framework; path = "../../../Library/Developer/Xcode/DerivedData/xiaozhao-alnmzosmqifoqwaanhwayaadvzkc/Build/Products/Debug-iphoneos/CocoaAsyncSocket/CocoaAsyncSocket.framework"; sourceTree = "<group>"; };
		D1711D911E9B641E008B5489 /* Images.xcassets */ = {isa = PBXFileReference; lastKnownFileType = folder.assetcatalog; path = Images.xcassets; sourceTree = "<group>"; };
		D1CF3FDD1E8F7A4600308A2C /* xiaozhao.app */ = {isa = PBXFileReference; explicitFileType = wrapper.application; includeInIndex = 0; path = xiaozhao.app; sourceTree = BUILT_PRODUCTS_DIR; };
		D1CF3FE11E8F7A4600308A2C /* main.m */ = {isa = PBXFileReference; lastKnownFileType = sourcecode.c.objc; path = main.m; sourceTree = "<group>"; };
		D1CF3FE31E8F7A4600308A2C /* AppDelegate.h */ = {isa = PBXFileReference; lastKnownFileType = sourcecode.c.h; path = AppDelegate.h; sourceTree = "<group>"; };
		D1CF3FE41E8F7A4600308A2C /* AppDelegate.m */ = {isa = PBXFileReference; lastKnownFileType = sourcecode.c.objc; path = AppDelegate.m; sourceTree = "<group>"; };
		D1CF3FEA1E8F7A4600308A2C /* Base */ = {isa = PBXFileReference; lastKnownFileType = file.storyboard; name = Base; path = Base.lproj/Main.storyboard; sourceTree = "<group>"; };
		D1CF3FEC1E8F7A4600308A2C /* Assets.xcassets */ = {isa = PBXFileReference; lastKnownFileType = folder.assetcatalog; path = Assets.xcassets; sourceTree = "<group>"; };
		D1CF3FEF1E8F7A4600308A2C /* Base */ = {isa = PBXFileReference; lastKnownFileType = file.storyboard; name = Base; path = Base.lproj/LaunchScreen.storyboard; sourceTree = "<group>"; };
		D1CF3FF11E8F7A4600308A2C /* Info.plist */ = {isa = PBXFileReference; lastKnownFileType = text.plist.xml; path = Info.plist; sourceTree = "<group>"; };
		D1CF3FF61E8F7A4600308A2C /* xiaozhaoTests.xctest */ = {isa = PBXFileReference; explicitFileType = wrapper.cfbundle; includeInIndex = 0; path = xiaozhaoTests.xctest; sourceTree = BUILT_PRODUCTS_DIR; };
		D1CF3FFA1E8F7A4700308A2C /* xiaozhaoTests.m */ = {isa = PBXFileReference; lastKnownFileType = sourcecode.c.objc; path = xiaozhaoTests.m; sourceTree = "<group>"; };
		D1CF3FFC1E8F7A4700308A2C /* Info.plist */ = {isa = PBXFileReference; lastKnownFileType = text.plist.xml; path = Info.plist; sourceTree = "<group>"; };
		D1CF40011E8F7A4700308A2C /* xiaozhaoUITests.xctest */ = {isa = PBXFileReference; explicitFileType = wrapper.cfbundle; includeInIndex = 0; path = xiaozhaoUITests.xctest; sourceTree = BUILT_PRODUCTS_DIR; };
		D1CF40051E8F7A4700308A2C /* xiaozhaoUITests.m */ = {isa = PBXFileReference; lastKnownFileType = sourcecode.c.objc; path = xiaozhaoUITests.m; sourceTree = "<group>"; };
		D1CF40071E8F7A4700308A2C /* Info.plist */ = {isa = PBXFileReference; lastKnownFileType = text.plist.xml; path = Info.plist; sourceTree = "<group>"; };
		D1CF40141E8F7C1300308A2C /* MainWeatherViewController.h */ = {isa = PBXFileReference; fileEncoding = 4; lastKnownFileType = sourcecode.c.h; path = MainWeatherViewController.h; sourceTree = "<group>"; };
		D1CF40151E8F7C1300308A2C /* MainWeatherViewController.m */ = {isa = PBXFileReference; fileEncoding = 4; lastKnownFileType = sourcecode.c.objc; path = MainWeatherViewController.m; sourceTree = "<group>"; };
		D1CF40171E8F8D0F00308A2C /* AFNetworking.h */ = {isa = PBXFileReference; fileEncoding = 4; lastKnownFileType = sourcecode.c.h; name = AFNetworking.h; path = AFNetworking/AFNetworking.h; sourceTree = "<group>"; };
		D1CF40181E8F8D0F00308A2C /* AFHTTPSessionManager.h */ = {isa = PBXFileReference; fileEncoding = 4; lastKnownFileType = sourcecode.c.h; name = AFHTTPSessionManager.h; path = AFNetworking/AFHTTPSessionManager.h; sourceTree = "<group>"; };
		D1CF40191E8F8D0F00308A2C /* AFHTTPSessionManager.m */ = {isa = PBXFileReference; fileEncoding = 4; lastKnownFileType = sourcecode.c.objc; name = AFHTTPSessionManager.m; path = AFNetworking/AFHTTPSessionManager.m; sourceTree = "<group>"; };
		D1CF401A1E8F8D0F00308A2C /* AFURLSessionManager.h */ = {isa = PBXFileReference; fileEncoding = 4; lastKnownFileType = sourcecode.c.h; name = AFURLSessionManager.h; path = AFNetworking/AFURLSessionManager.h; sourceTree = "<group>"; };
		D1CF401B1E8F8D0F00308A2C /* AFURLSessionManager.m */ = {isa = PBXFileReference; fileEncoding = 4; lastKnownFileType = sourcecode.c.objc; name = AFURLSessionManager.m; path = AFNetworking/AFURLSessionManager.m; sourceTree = "<group>"; };
		D1CF401D1E8F8D0F00308A2C /* AFNetworkReachabilityManager.h */ = {isa = PBXFileReference; fileEncoding = 4; lastKnownFileType = sourcecode.c.h; name = AFNetworkReachabilityManager.h; path = AFNetworking/AFNetworkReachabilityManager.h; sourceTree = "<group>"; };
		D1CF401E1E8F8D0F00308A2C /* AFNetworkReachabilityManager.m */ = {isa = PBXFileReference; fileEncoding = 4; lastKnownFileType = sourcecode.c.objc; name = AFNetworkReachabilityManager.m; path = AFNetworking/AFNetworkReachabilityManager.m; sourceTree = "<group>"; };
		D1CF40201E8F8D0F00308A2C /* AFSecurityPolicy.h */ = {isa = PBXFileReference; fileEncoding = 4; lastKnownFileType = sourcecode.c.h; name = AFSecurityPolicy.h; path = AFNetworking/AFSecurityPolicy.h; sourceTree = "<group>"; };
		D1CF40211E8F8D0F00308A2C /* AFSecurityPolicy.m */ = {isa = PBXFileReference; fileEncoding = 4; lastKnownFileType = sourcecode.c.objc; name = AFSecurityPolicy.m; path = AFNetworking/AFSecurityPolicy.m; sourceTree = "<group>"; };
		D1CF40231E8F8D0F00308A2C /* AFURLRequestSerialization.h */ = {isa = PBXFileReference; fileEncoding = 4; lastKnownFileType = sourcecode.c.h; name = AFURLRequestSerialization.h; path = AFNetworking/AFURLRequestSerialization.h; sourceTree = "<group>"; };
		D1CF40241E8F8D0F00308A2C /* AFURLRequestSerialization.m */ = {isa = PBXFileReference; fileEncoding = 4; lastKnownFileType = sourcecode.c.objc; name = AFURLRequestSerialization.m; path = AFNetworking/AFURLRequestSerialization.m; sourceTree = "<group>"; };
		D1CF40251E8F8D0F00308A2C /* AFURLResponseSerialization.h */ = {isa = PBXFileReference; fileEncoding = 4; lastKnownFileType = sourcecode.c.h; name = AFURLResponseSerialization.h; path = AFNetworking/AFURLResponseSerialization.h; sourceTree = "<group>"; };
		D1CF40261E8F8D0F00308A2C /* AFURLResponseSerialization.m */ = {isa = PBXFileReference; fileEncoding = 4; lastKnownFileType = sourcecode.c.objc; name = AFURLResponseSerialization.m; path = AFNetworking/AFURLResponseSerialization.m; sourceTree = "<group>"; };
		D1CF40281E8F8D0F00308A2C /* AFNetworking.modulemap */ = {isa = PBXFileReference; fileEncoding = 4; lastKnownFileType = "sourcecode.module-map"; path = AFNetworking.modulemap; sourceTree = "<group>"; };
		D1CF40291E8F8D0F00308A2C /* AFNetworking.xcconfig */ = {isa = PBXFileReference; fileEncoding = 4; lastKnownFileType = text.xcconfig; path = AFNetworking.xcconfig; sourceTree = "<group>"; };
		D1CF402A1E8F8D0F00308A2C /* AFNetworking-dummy.m */ = {isa = PBXFileReference; fileEncoding = 4; lastKnownFileType = sourcecode.c.objc; path = "AFNetworking-dummy.m"; sourceTree = "<group>"; };
		D1CF402B1E8F8D0F00308A2C /* AFNetworking-prefix.pch */ = {isa = PBXFileReference; fileEncoding = 4; lastKnownFileType = sourcecode.c.h; path = "AFNetworking-prefix.pch"; sourceTree = "<group>"; };
		D1CF402C1E8F8D0F00308A2C /* AFNetworking-umbrella.h */ = {isa = PBXFileReference; fileEncoding = 4; lastKnownFileType = sourcecode.c.h; path = "AFNetworking-umbrella.h"; sourceTree = "<group>"; };
		D1CF402D1E8F8D0F00308A2C /* Info.plist */ = {isa = PBXFileReference; fileEncoding = 4; lastKnownFileType = text.plist.xml; path = Info.plist; sourceTree = "<group>"; };
		D1CF402F1E8F8D0F00308A2C /* AFAutoPurgingImageCache.h */ = {isa = PBXFileReference; fileEncoding = 4; lastKnownFileType = sourcecode.c.h; name = AFAutoPurgingImageCache.h; path = "UIKit+AFNetworking/AFAutoPurgingImageCache.h"; sourceTree = "<group>"; };
		D1CF40301E8F8D0F00308A2C /* AFAutoPurgingImageCache.m */ = {isa = PBXFileReference; fileEncoding = 4; lastKnownFileType = sourcecode.c.objc; name = AFAutoPurgingImageCache.m; path = "UIKit+AFNetworking/AFAutoPurgingImageCache.m"; sourceTree = "<group>"; };
		D1CF40311E8F8D0F00308A2C /* AFImageDownloader.h */ = {isa = PBXFileReference; fileEncoding = 4; lastKnownFileType = sourcecode.c.h; name = AFImageDownloader.h; path = "UIKit+AFNetworking/AFImageDownloader.h"; sourceTree = "<group>"; };
		D1CF40321E8F8D0F00308A2C /* AFImageDownloader.m */ = {isa = PBXFileReference; fileEncoding = 4; lastKnownFileType = sourcecode.c.objc; name = AFImageDownloader.m; path = "UIKit+AFNetworking/AFImageDownloader.m"; sourceTree = "<group>"; };
		D1CF40331E8F8D0F00308A2C /* AFNetworkActivityIndicatorManager.h */ = {isa = PBXFileReference; fileEncoding = 4; lastKnownFileType = sourcecode.c.h; name = AFNetworkActivityIndicatorManager.h; path = "UIKit+AFNetworking/AFNetworkActivityIndicatorManager.h"; sourceTree = "<group>"; };
		D1CF40341E8F8D0F00308A2C /* AFNetworkActivityIndicatorManager.m */ = {isa = PBXFileReference; fileEncoding = 4; lastKnownFileType = sourcecode.c.objc; name = AFNetworkActivityIndicatorManager.m; path = "UIKit+AFNetworking/AFNetworkActivityIndicatorManager.m"; sourceTree = "<group>"; };
		D1CF40351E8F8D0F00308A2C /* UIActivityIndicatorView+AFNetworking.h */ = {isa = PBXFileReference; fileEncoding = 4; lastKnownFileType = sourcecode.c.h; name = "UIActivityIndicatorView+AFNetworking.h"; path = "UIKit+AFNetworking/UIActivityIndicatorView+AFNetworking.h"; sourceTree = "<group>"; };
		D1CF40361E8F8D0F00308A2C /* UIActivityIndicatorView+AFNetworking.m */ = {isa = PBXFileReference; fileEncoding = 4; lastKnownFileType = sourcecode.c.objc; name = "UIActivityIndicatorView+AFNetworking.m"; path = "UIKit+AFNetworking/UIActivityIndicatorView+AFNetworking.m"; sourceTree = "<group>"; };
		D1CF40371E8F8D0F00308A2C /* UIButton+AFNetworking.h */ = {isa = PBXFileReference; fileEncoding = 4; lastKnownFileType = sourcecode.c.h; name = "UIButton+AFNetworking.h"; path = "UIKit+AFNetworking/UIButton+AFNetworking.h"; sourceTree = "<group>"; };
		D1CF40381E8F8D0F00308A2C /* UIButton+AFNetworking.m */ = {isa = PBXFileReference; fileEncoding = 4; lastKnownFileType = sourcecode.c.objc; name = "UIButton+AFNetworking.m"; path = "UIKit+AFNetworking/UIButton+AFNetworking.m"; sourceTree = "<group>"; };
		D1CF40391E8F8D0F00308A2C /* UIImage+AFNetworking.h */ = {isa = PBXFileReference; fileEncoding = 4; lastKnownFileType = sourcecode.c.h; name = "UIImage+AFNetworking.h"; path = "UIKit+AFNetworking/UIImage+AFNetworking.h"; sourceTree = "<group>"; };
		D1CF403A1E8F8D0F00308A2C /* UIImageView+AFNetworking.h */ = {isa = PBXFileReference; fileEncoding = 4; lastKnownFileType = sourcecode.c.h; name = "UIImageView+AFNetworking.h"; path = "UIKit+AFNetworking/UIImageView+AFNetworking.h"; sourceTree = "<group>"; };
		D1CF403B1E8F8D0F00308A2C /* UIImageView+AFNetworking.m */ = {isa = PBXFileReference; fileEncoding = 4; lastKnownFileType = sourcecode.c.objc; name = "UIImageView+AFNetworking.m"; path = "UIKit+AFNetworking/UIImageView+AFNetworking.m"; sourceTree = "<group>"; };
		D1CF403C1E8F8D0F00308A2C /* UIKit+AFNetworking.h */ = {isa = PBXFileReference; fileEncoding = 4; lastKnownFileType = sourcecode.c.h; name = "UIKit+AFNetworking.h"; path = "UIKit+AFNetworking/UIKit+AFNetworking.h"; sourceTree = "<group>"; };
		D1CF403D1E8F8D0F00308A2C /* UIProgressView+AFNetworking.h */ = {isa = PBXFileReference; fileEncoding = 4; lastKnownFileType = sourcecode.c.h; name = "UIProgressView+AFNetworking.h"; path = "UIKit+AFNetworking/UIProgressView+AFNetworking.h"; sourceTree = "<group>"; };
		D1CF403E1E8F8D0F00308A2C /* UIProgressView+AFNetworking.m */ = {isa = PBXFileReference; fileEncoding = 4; lastKnownFileType = sourcecode.c.objc; name = "UIProgressView+AFNetworking.m"; path = "UIKit+AFNetworking/UIProgressView+AFNetworking.m"; sourceTree = "<group>"; };
		D1CF403F1E8F8D0F00308A2C /* UIRefreshControl+AFNetworking.h */ = {isa = PBXFileReference; fileEncoding = 4; lastKnownFileType = sourcecode.c.h; name = "UIRefreshControl+AFNetworking.h"; path = "UIKit+AFNetworking/UIRefreshControl+AFNetworking.h"; sourceTree = "<group>"; };
		D1CF40401E8F8D0F00308A2C /* UIRefreshControl+AFNetworking.m */ = {isa = PBXFileReference; fileEncoding = 4; lastKnownFileType = sourcecode.c.objc; name = "UIRefreshControl+AFNetworking.m"; path = "UIKit+AFNetworking/UIRefreshControl+AFNetworking.m"; sourceTree = "<group>"; };
		D1CF40411E8F8D0F00308A2C /* UIWebView+AFNetworking.h */ = {isa = PBXFileReference; fileEncoding = 4; lastKnownFileType = sourcecode.c.h; name = "UIWebView+AFNetworking.h"; path = "UIKit+AFNetworking/UIWebView+AFNetworking.h"; sourceTree = "<group>"; };
		D1CF40421E8F8D0F00308A2C /* UIWebView+AFNetworking.m */ = {isa = PBXFileReference; fileEncoding = 4; lastKnownFileType = sourcecode.c.objc; name = "UIWebView+AFNetworking.m"; path = "UIKit+AFNetworking/UIWebView+AFNetworking.m"; sourceTree = "<group>"; };
		D1CF408E1E8FAA0000308A2C /* ServerTools.h */ = {isa = PBXFileReference; fileEncoding = 4; lastKnownFileType = sourcecode.c.h; name = ServerTools.h; path = ../ServerTools.h; sourceTree = "<group>"; };
		D1CF408F1E8FAA0000308A2C /* ServerTools.m */ = {isa = PBXFileReference; fileEncoding = 4; lastKnownFileType = sourcecode.c.objc; name = ServerTools.m; path = ../ServerTools.m; sourceTree = "<group>"; };
		D7EE2AF5EEF07DEC9A3C30D4 /* Pods_xiaozhao.framework */ = {isa = PBXFileReference; explicitFileType = wrapper.framework; includeInIndex = 0; path = Pods_xiaozhao.framework; sourceTree = BUILT_PRODUCTS_DIR; };
		E73F9257F89555883A94B5C7 /* Pods-xiaozhao.release.xcconfig */ = {isa = PBXFileReference; includeInIndex = 1; lastKnownFileType = text.xcconfig; name = "Pods-xiaozhao.release.xcconfig"; path = "Pods/Target Support Files/Pods-xiaozhao/Pods-xiaozhao.release.xcconfig"; sourceTree = "<group>"; };
/* End PBXFileReference section */

/* Begin PBXFrameworksBuildPhase section */
		D1CF3FDA1E8F7A4600308A2C /* Frameworks */ = {
			isa = PBXFrameworksBuildPhase;
			buildActionMask = 2147483647;
			files = (
				D1573B881EB1CABC00CCBE68 /* CocoaAsyncSocket.framework in Frameworks */,
				D1FA68885B9731C9F339D7FF /* Pods_xiaozhao.framework in Frameworks */,
			);
			runOnlyForDeploymentPostprocessing = 0;
		};
		D1CF3FF31E8F7A4600308A2C /* Frameworks */ = {
			isa = PBXFrameworksBuildPhase;
			buildActionMask = 2147483647;
			files = (
			);
			runOnlyForDeploymentPostprocessing = 0;
		};
		D1CF3FFE1E8F7A4700308A2C /* Frameworks */ = {
			isa = PBXFrameworksBuildPhase;
			buildActionMask = 2147483647;
			files = (
			);
			runOnlyForDeploymentPostprocessing = 0;
		};
/* End PBXFrameworksBuildPhase section */

/* Begin PBXGroup section */
		40BDFBD041F48E2BFD9CD7FD /* Frameworks */ = {
			isa = PBXGroup;
			children = (
				D1573B871EB1CABC00CCBE68 /* CocoaAsyncSocket.framework */,
				D7EE2AF5EEF07DEC9A3C30D4 /* Pods_xiaozhao.framework */,
			);
			name = Frameworks;
			sourceTree = "<group>";
		};
		7C25A6C22F09EC1B732C1B3C /* Pods */ = {
			isa = PBXGroup;
			children = (
				023020F17645EC6FA5F13C7B /* Pods-xiaozhao.debug.xcconfig */,
				E73F9257F89555883A94B5C7 /* Pods-xiaozhao.release.xcconfig */,
			);
			name = Pods;
			sourceTree = "<group>";
		};
		D1573B7F1EB18B9800CCBE68 /* CoreBlu */ = {
			isa = PBXGroup;
			children = (
				D1573B801EB18BB600CCBE68 /* MyBlutoothClass.h */,
				D1573B811EB18BB600CCBE68 /* MyBlutoothClass.m */,
			);
			path = CoreBlu;
			sourceTree = "<group>";
		};
		D1573B831EB1C4A600CCBE68 /* Socket */ = {
			isa = PBXGroup;
			children = (
				D1573B841EB1C4BA00CCBE68 /* SocketClass.h */,
				D1573B851EB1C4BA00CCBE68 /* SocketClass.m */,
			);
			path = Socket;
			sourceTree = "<group>";
		};
		D16676E01EA8A4AE00AED7AF /* CoreData */ = {
			isa = PBXGroup;
			children = (
			);
			path = CoreData;
			sourceTree = "<group>";
		};
		D1CF3FD41E8F7A4600308A2C = {
			isa = PBXGroup;
			children = (
				D1CF3FDF1E8F7A4600308A2C /* xiaozhao */,
				D1CF3FF91E8F7A4600308A2C /* xiaozhaoTests */,
				D1CF40041E8F7A4700308A2C /* xiaozhaoUITests */,
				D1CF3FDE1E8F7A4600308A2C /* Products */,
				7C25A6C22F09EC1B732C1B3C /* Pods */,
				40BDFBD041F48E2BFD9CD7FD /* Frameworks */,
			);
			sourceTree = "<group>";
		};
		D1CF3FDE1E8F7A4600308A2C /* Products */ = {
			isa = PBXGroup;
			children = (
				D1CF3FDD1E8F7A4600308A2C /* xiaozhao.app */,
				D1CF3FF61E8F7A4600308A2C /* xiaozhaoTests.xctest */,
				D1CF40011E8F7A4700308A2C /* xiaozhaoUITests.xctest */,
			);
			name = Products;
			sourceTree = "<group>";
		};
		D1CF3FDF1E8F7A4600308A2C /* xiaozhao */ = {
			isa = PBXGroup;
			children = (
				D1573B831EB1C4A600CCBE68 /* Socket */,
				D1573B7F1EB18B9800CCBE68 /* CoreBlu */,
				D16676E01EA8A4AE00AED7AF /* CoreData */,
				D1CF40911E8FAA1800308A2C /* tools */,
				D1CF40441E8F8D0F00308A2C /* AFNetworking */,
				D1CF40131E8F7BF900308A2C /* main */,
				D1CF3FE31E8F7A4600308A2C /* AppDelegate.h */,
				D1CF3FE41E8F7A4600308A2C /* AppDelegate.m */,
				D1CF3FE91E8F7A4600308A2C /* Main.storyboard */,
				D1CF3FEC1E8F7A4600308A2C /* Assets.xcassets */,
				D1CF3FEE1E8F7A4600308A2C /* LaunchScreen.storyboard */,
				D1CF3FF11E8F7A4600308A2C /* Info.plist */,
				D1711D911E9B641E008B5489 /* Images.xcassets */,
				D1CF3FE01E8F7A4600308A2C /* Supporting Files */,
			);
			path = xiaozhao;
			sourceTree = "<group>";
		};
		D1CF3FE01E8F7A4600308A2C /* Supporting Files */ = {
			isa = PBXGroup;
			children = (
				D1CF3FE11E8F7A4600308A2C /* main.m */,
			);
			name = "Supporting Files";
			sourceTree = "<group>";
		};
		D1CF3FF91E8F7A4600308A2C /* xiaozhaoTests */ = {
			isa = PBXGroup;
			children = (
				D1CF3FFA1E8F7A4700308A2C /* xiaozhaoTests.m */,
				D1CF3FFC1E8F7A4700308A2C /* Info.plist */,
			);
			path = xiaozhaoTests;
			sourceTree = "<group>";
		};
		D1CF40041E8F7A4700308A2C /* xiaozhaoUITests */ = {
			isa = PBXGroup;
			children = (
				D1CF40051E8F7A4700308A2C /* xiaozhaoUITests.m */,
				D1CF40071E8F7A4700308A2C /* Info.plist */,
			);
			path = xiaozhaoUITests;
			sourceTree = "<group>";
		};
		D1CF40131E8F7BF900308A2C /* main */ = {
			isa = PBXGroup;
			children = (
				D1CF40141E8F7C1300308A2C /* MainWeatherViewController.h */,
				D1CF40151E8F7C1300308A2C /* MainWeatherViewController.m */,
				D13405101EB043A400368EF3 /* StudentClass.cpp */,
				D13405111EB043A400368EF3 /* StudentClass.hpp */,
				D13405131EB04DD700368EF3 /* DataClass.h */,
				D13405141EB04DD700368EF3 /* DataClass.m */,
				D13405161EB052F500368EF3 /* WeatherDetailViewController.h */,
				D13405171EB052F500368EF3 /* WeatherDetailViewController.mm */,
				D13405191EB0709B00368EF3 /* HeightCaculateModel.cpp */,
				D134051A1EB0709B00368EF3 /* HeightCaculateModel.hpp */,
				D1573B611EB1784600CCBE68 /* RequestClass.cpp */,
				D1573B621EB1784600CCBE68 /* RequestClass.hpp */,
			);
			path = main;
			sourceTree = "<group>";
		};
		D1CF401C1E8F8D0F00308A2C /* NSURLSession */ = {
			isa = PBXGroup;
			children = (
				D1CF40181E8F8D0F00308A2C /* AFHTTPSessionManager.h */,
				D1CF40191E8F8D0F00308A2C /* AFHTTPSessionManager.m */,
				D1CF401A1E8F8D0F00308A2C /* AFURLSessionManager.h */,
				D1CF401B1E8F8D0F00308A2C /* AFURLSessionManager.m */,
			);
			name = NSURLSession;
			sourceTree = "<group>";
		};
		D1CF401F1E8F8D0F00308A2C /* Reachability */ = {
			isa = PBXGroup;
			children = (
				D1CF401D1E8F8D0F00308A2C /* AFNetworkReachabilityManager.h */,
				D1CF401E1E8F8D0F00308A2C /* AFNetworkReachabilityManager.m */,
			);
			name = Reachability;
			sourceTree = "<group>";
		};
		D1CF40221E8F8D0F00308A2C /* Security */ = {
			isa = PBXGroup;
			children = (
				D1CF40201E8F8D0F00308A2C /* AFSecurityPolicy.h */,
				D1CF40211E8F8D0F00308A2C /* AFSecurityPolicy.m */,
			);
			name = Security;
			sourceTree = "<group>";
		};
		D1CF40271E8F8D0F00308A2C /* Serialization */ = {
			isa = PBXGroup;
			children = (
				D1CF40231E8F8D0F00308A2C /* AFURLRequestSerialization.h */,
				D1CF40241E8F8D0F00308A2C /* AFURLRequestSerialization.m */,
				D1CF40251E8F8D0F00308A2C /* AFURLResponseSerialization.h */,
				D1CF40261E8F8D0F00308A2C /* AFURLResponseSerialization.m */,
			);
			name = Serialization;
			sourceTree = "<group>";
		};
		D1CF402E1E8F8D0F00308A2C /* Support Files */ = {
			isa = PBXGroup;
			children = (
				D1CF40281E8F8D0F00308A2C /* AFNetworking.modulemap */,
				D1CF40291E8F8D0F00308A2C /* AFNetworking.xcconfig */,
				D1CF402A1E8F8D0F00308A2C /* AFNetworking-dummy.m */,
				D1CF402B1E8F8D0F00308A2C /* AFNetworking-prefix.pch */,
				D1CF402C1E8F8D0F00308A2C /* AFNetworking-umbrella.h */,
				D1CF402D1E8F8D0F00308A2C /* Info.plist */,
			);
			name = "Support Files";
			path = "../Target Support Files/AFNetworking";
			sourceTree = "<group>";
		};
		D1CF40431E8F8D0F00308A2C /* UIKit */ = {
			isa = PBXGroup;
			children = (
				D1CF402F1E8F8D0F00308A2C /* AFAutoPurgingImageCache.h */,
				D1CF40301E8F8D0F00308A2C /* AFAutoPurgingImageCache.m */,
				D1CF40311E8F8D0F00308A2C /* AFImageDownloader.h */,
				D1CF40321E8F8D0F00308A2C /* AFImageDownloader.m */,
				D1CF40331E8F8D0F00308A2C /* AFNetworkActivityIndicatorManager.h */,
				D1CF40341E8F8D0F00308A2C /* AFNetworkActivityIndicatorManager.m */,
				D1CF40351E8F8D0F00308A2C /* UIActivityIndicatorView+AFNetworking.h */,
				D1CF40361E8F8D0F00308A2C /* UIActivityIndicatorView+AFNetworking.m */,
				D1CF40371E8F8D0F00308A2C /* UIButton+AFNetworking.h */,
				D1CF40381E8F8D0F00308A2C /* UIButton+AFNetworking.m */,
				D1CF40391E8F8D0F00308A2C /* UIImage+AFNetworking.h */,
				D1CF403A1E8F8D0F00308A2C /* UIImageView+AFNetworking.h */,
				D1CF403B1E8F8D0F00308A2C /* UIImageView+AFNetworking.m */,
				D1CF403C1E8F8D0F00308A2C /* UIKit+AFNetworking.h */,
				D1CF403D1E8F8D0F00308A2C /* UIProgressView+AFNetworking.h */,
				D1CF403E1E8F8D0F00308A2C /* UIProgressView+AFNetworking.m */,
				D1CF403F1E8F8D0F00308A2C /* UIRefreshControl+AFNetworking.h */,
				D1CF40401E8F8D0F00308A2C /* UIRefreshControl+AFNetworking.m */,
				D1CF40411E8F8D0F00308A2C /* UIWebView+AFNetworking.h */,
				D1CF40421E8F8D0F00308A2C /* UIWebView+AFNetworking.m */,
			);
			name = UIKit;
			sourceTree = "<group>";
		};
		D1CF40441E8F8D0F00308A2C /* AFNetworking */ = {
			isa = PBXGroup;
			children = (
				D1CF40171E8F8D0F00308A2C /* AFNetworking.h */,
				D1CF401C1E8F8D0F00308A2C /* NSURLSession */,
				D1CF401F1E8F8D0F00308A2C /* Reachability */,
				D1CF40221E8F8D0F00308A2C /* Security */,
				D1CF40271E8F8D0F00308A2C /* Serialization */,
				D1CF402E1E8F8D0F00308A2C /* Support Files */,
				D1CF40431E8F8D0F00308A2C /* UIKit */,
			);
			name = AFNetworking;
			path = "../../../电梯管理系统/ElevatorSystem/Pods/AFNetworking";
			sourceTree = "<group>";
		};
		D1CF40911E8FAA1800308A2C /* tools */ = {
			isa = PBXGroup;
			children = (
				D1CF408E1E8FAA0000308A2C /* ServerTools.h */,
				D1CF408F1E8FAA0000308A2C /* ServerTools.m */,
			);
			path = tools;
			sourceTree = "<group>";
		};
/* End PBXGroup section */

/* Begin PBXNativeTarget section */
		D1CF3FDC1E8F7A4600308A2C /* xiaozhao */ = {
			isa = PBXNativeTarget;
			buildConfigurationList = D1CF400A1E8F7A4700308A2C /* Build configuration list for PBXNativeTarget "xiaozhao" */;
			buildPhases = (
				12E0794B4539D0D64DE2EB1E /* [CP] Check Pods Manifest.lock */,
				D1CF3FD91E8F7A4600308A2C /* Sources */,
				D1CF3FDA1E8F7A4600308A2C /* Frameworks */,
				D1CF3FDB1E8F7A4600308A2C /* Resources */,
				8ABA1EFFD667031A5C45E6DE /* [CP] Embed Pods Frameworks */,
				B2A7F98C6842D4755C4D1601 /* [CP] Copy Pods Resources */,
			);
			buildRules = (
			);
			dependencies = (
			);
			name = xiaozhao;
			productName = xiaozhao;
			productReference = D1CF3FDD1E8F7A4600308A2C /* xiaozhao.app */;
			productType = "com.apple.product-type.application";
		};
		D1CF3FF51E8F7A4600308A2C /* xiaozhaoTests */ = {
			isa = PBXNativeTarget;
			buildConfigurationList = D1CF400D1E8F7A4700308A2C /* Build configuration list for PBXNativeTarget "xiaozhaoTests" */;
			buildPhases = (
				D1CF3FF21E8F7A4600308A2C /* Sources */,
				D1CF3FF31E8F7A4600308A2C /* Frameworks */,
				D1CF3FF41E8F7A4600308A2C /* Resources */,
			);
			buildRules = (
			);
			dependencies = (
				D1CF3FF81E8F7A4600308A2C /* PBXTargetDependency */,
			);
			name = xiaozhaoTests;
			productName = xiaozhaoTests;
			productReference = D1CF3FF61E8F7A4600308A2C /* xiaozhaoTests.xctest */;
			productType = "com.apple.product-type.bundle.unit-test";
		};
		D1CF40001E8F7A4700308A2C /* xiaozhaoUITests */ = {
			isa = PBXNativeTarget;
			buildConfigurationList = D1CF40101E8F7A4700308A2C /* Build configuration list for PBXNativeTarget "xiaozhaoUITests" */;
			buildPhases = (
				D1CF3FFD1E8F7A4700308A2C /* Sources */,
				D1CF3FFE1E8F7A4700308A2C /* Frameworks */,
				D1CF3FFF1E8F7A4700308A2C /* Resources */,
			);
			buildRules = (
			);
			dependencies = (
				D1CF40031E8F7A4700308A2C /* PBXTargetDependency */,
			);
			name = xiaozhaoUITests;
			productName = xiaozhaoUITests;
			productReference = D1CF40011E8F7A4700308A2C /* xiaozhaoUITests.xctest */;
			productType = "com.apple.product-type.bundle.ui-testing";
		};
/* End PBXNativeTarget section */

/* Begin PBXProject section */
		D1CF3FD51E8F7A4600308A2C /* Project object */ = {
			isa = PBXProject;
			attributes = {
				LastUpgradeCheck = 0800;
				ORGANIZATIONNAME = max;
				TargetAttributes = {
					D1CF3FDC1E8F7A4600308A2C = {
						CreatedOnToolsVersion = 8.0;
						DevelopmentTeam = R6Y3M6K898;
						LastSwiftMigration = 0800;
						ProvisioningStyle = Automatic;
					};
					D1CF3FF51E8F7A4600308A2C = {
						CreatedOnToolsVersion = 8.0;
						DevelopmentTeam = R6Y3M6K898;
						ProvisioningStyle = Automatic;
						TestTargetID = D1CF3FDC1E8F7A4600308A2C;
					};
					D1CF40001E8F7A4700308A2C = {
						CreatedOnToolsVersion = 8.0;
						DevelopmentTeam = R6Y3M6K898;
						ProvisioningStyle = Automatic;
						TestTargetID = D1CF3FDC1E8F7A4600308A2C;
					};
				};
			};
			buildConfigurationList = D1CF3FD81E8F7A4600308A2C /* Build configuration list for PBXProject "xiaozhao" */;
			compatibilityVersion = "Xcode 3.2";
			developmentRegion = English;
			hasScannedForEncodings = 0;
			knownRegions = (
				en,
				Base,
			);
			mainGroup = D1CF3FD41E8F7A4600308A2C;
			productRefGroup = D1CF3FDE1E8F7A4600308A2C /* Products */;
			projectDirPath = "";
			projectRoot = "";
			targets = (
				D1CF3FDC1E8F7A4600308A2C /* xiaozhao */,
				D1CF3FF51E8F7A4600308A2C /* xiaozhaoTests */,
				D1CF40001E8F7A4700308A2C /* xiaozhaoUITests */,
			);
		};
/* End PBXProject section */

/* Begin PBXResourcesBuildPhase section */
		D1CF3FDB1E8F7A4600308A2C /* Resources */ = {
			isa = PBXResourcesBuildPhase;
			buildActionMask = 2147483647;
			files = (
				D1CF3FF01E8F7A4600308A2C /* LaunchScreen.storyboard in Resources */,
				D1CF3FED1E8F7A4600308A2C /* Assets.xcassets in Resources */,
				D1CF3FEB1E8F7A4600308A2C /* Main.storyboard in Resources */,
				D1711D921E9B641E008B5489 /* Images.xcassets in Resources */,
				D1CF404D1E8F8D0F00308A2C /* Info.plist in Resources */,
				D1CF404B1E8F8D0F00308A2C /* AFNetworking.xcconfig in Resources */,
			);
			runOnlyForDeploymentPostprocessing = 0;
		};
		D1CF3FF41E8F7A4600308A2C /* Resources */ = {
			isa = PBXResourcesBuildPhase;
			buildActionMask = 2147483647;
			files = (
			);
			runOnlyForDeploymentPostprocessing = 0;
		};
		D1CF3FFF1E8F7A4700308A2C /* Resources */ = {
			isa = PBXResourcesBuildPhase;
			buildActionMask = 2147483647;
			files = (
			);
			runOnlyForDeploymentPostprocessing = 0;
		};
/* End PBXResourcesBuildPhase section */

/* Begin PBXShellScriptBuildPhase section */
		12E0794B4539D0D64DE2EB1E /* [CP] Check Pods Manifest.lock */ = {
			isa = PBXShellScriptBuildPhase;
			buildActionMask = 2147483647;
			files = (
			);
			inputPaths = (
			);
			name = "[CP] Check Pods Manifest.lock";
			outputPaths = (
			);
			runOnlyForDeploymentPostprocessing = 0;
			shellPath = /bin/sh;
			shellScript = "diff \"${PODS_ROOT}/../Podfile.lock\" \"${PODS_ROOT}/Manifest.lock\" > /dev/null\nif [ $? != 0 ] ; then\n    # print error to STDERR\n    echo \"error: The sandbox is not in sync with the Podfile.lock. Run 'pod install' or update your CocoaPods installation.\" >&2\n    exit 1\nfi\n";
			showEnvVarsInLog = 0;
		};
		8ABA1EFFD667031A5C45E6DE /* [CP] Embed Pods Frameworks */ = {
			isa = PBXShellScriptBuildPhase;
			buildActionMask = 2147483647;
			files = (
			);
			inputPaths = (
			);
			name = "[CP] Embed Pods Frameworks";
			outputPaths = (
			);
			runOnlyForDeploymentPostprocessing = 0;
			shellPath = /bin/sh;
			shellScript = "\"${SRCROOT}/Pods/Target Support Files/Pods-xiaozhao/Pods-xiaozhao-frameworks.sh\"\n";
			showEnvVarsInLog = 0;
		};
		B2A7F98C6842D4755C4D1601 /* [CP] Copy Pods Resources */ = {
			isa = PBXShellScriptBuildPhase;
			buildActionMask = 2147483647;
			files = (
			);
			inputPaths = (
			);
			name = "[CP] Copy Pods Resources";
			outputPaths = (
			);
			runOnlyForDeploymentPostprocessing = 0;
			shellPath = /bin/sh;
			shellScript = "\"${SRCROOT}/Pods/Target Support Files/Pods-xiaozhao/Pods-xiaozhao-resources.sh\"\n";
			showEnvVarsInLog = 0;
		};
/* End PBXShellScriptBuildPhase section */

/* Begin PBXSourcesBuildPhase section */
		D1CF3FD91E8F7A4600308A2C /* Sources */ = {
			isa = PBXSourcesBuildPhase;
			buildActionMask = 2147483647;
			files = (
				D13405151EB04DD700368EF3 /* DataClass.m in Sources */,
				D1CF40901E8FAA0000308A2C /* ServerTools.m in Sources */,
				D1CF40481E8F8D0F00308A2C /* AFSecurityPolicy.m in Sources */,
				D1573B861EB1C4BA00CCBE68 /* SocketClass.m in Sources */,
				D1573B631EB1784600CCBE68 /* RequestClass.cpp in Sources */,
				D1CF404A1E8F8D0F00308A2C /* AFURLResponseSerialization.m in Sources */,
				D1CF40461E8F8D0F00308A2C /* AFURLSessionManager.m in Sources */,
				D1CF404C1E8F8D0F00308A2C /* AFNetworking-dummy.m in Sources */,
				D1CF40161E8F7C1300308A2C /* MainWeatherViewController.m in Sources */,
				D1CF3FE51E8F7A4600308A2C /* AppDelegate.m in Sources */,
				D1CF40511E8F8D0F00308A2C /* UIActivityIndicatorView+AFNetworking.m in Sources */,
				D1CF3FE21E8F7A4600308A2C /* main.m in Sources */,
				D1CF40541E8F8D0F00308A2C /* UIProgressView+AFNetworking.m in Sources */,
				D1CF40471E8F8D0F00308A2C /* AFNetworkReachabilityManager.m in Sources */,
				D1CF40451E8F8D0F00308A2C /* AFHTTPSessionManager.m in Sources */,
				D1CF40501E8F8D0F00308A2C /* AFNetworkActivityIndicatorManager.m in Sources */,
				D13405121EB043A400368EF3 /* StudentClass.cpp in Sources */,
				D13405181EB052F500368EF3 /* WeatherDetailViewController.mm in Sources */,
				D1CF40531E8F8D0F00308A2C /* UIImageView+AFNetworking.m in Sources */,
				D1CF40521E8F8D0F00308A2C /* UIButton+AFNetworking.m in Sources */,
				D1CF40551E8F8D0F00308A2C /* UIRefreshControl+AFNetworking.m in Sources */,
				D1CF40561E8F8D0F00308A2C /* UIWebView+AFNetworking.m in Sources */,
				D134051B1EB0709B00368EF3 /* HeightCaculateModel.cpp in Sources */,
				D1573B821EB18BB600CCBE68 /* MyBlutoothClass.m in Sources */,
				D1CF40491E8F8D0F00308A2C /* AFURLRequestSerialization.m in Sources */,
				D1CF404E1E8F8D0F00308A2C /* AFAutoPurgingImageCache.m in Sources */,
				D1CF404F1E8F8D0F00308A2C /* AFImageDownloader.m in Sources */,
			);
			runOnlyForDeploymentPostprocessing = 0;
		};
		D1CF3FF21E8F7A4600308A2C /* Sources */ = {
			isa = PBXSourcesBuildPhase;
			buildActionMask = 2147483647;
			files = (
				D1CF3FFB1E8F7A4700308A2C /* xiaozhaoTests.m in Sources */,
			);
			runOnlyForDeploymentPostprocessing = 0;
		};
		D1CF3FFD1E8F7A4700308A2C /* Sources */ = {
			isa = PBXSourcesBuildPhase;
			buildActionMask = 2147483647;
			files = (
				D1CF40061E8F7A4700308A2C /* xiaozhaoUITests.m in Sources */,
			);
			runOnlyForDeploymentPostprocessing = 0;
		};
/* End PBXSourcesBuildPhase section */

/* Begin PBXTargetDependency section */
		D1CF3FF81E8F7A4600308A2C /* PBXTargetDependency */ = {
			isa = PBXTargetDependency;
			target = D1CF3FDC1E8F7A4600308A2C /* xiaozhao */;
			targetProxy = D1CF3FF71E8F7A4600308A2C /* PBXContainerItemProxy */;
		};
		D1CF40031E8F7A4700308A2C /* PBXTargetDependency */ = {
			isa = PBXTargetDependency;
			target = D1CF3FDC1E8F7A4600308A2C /* xiaozhao */;
			targetProxy = D1CF40021E8F7A4700308A2C /* PBXContainerItemProxy */;
		};
/* End PBXTargetDependency section */

/* Begin PBXVariantGroup section */
		D1CF3FE91E8F7A4600308A2C /* Main.storyboard */ = {
			isa = PBXVariantGroup;
			children = (
				D1CF3FEA1E8F7A4600308A2C /* Base */,
			);
			name = Main.storyboard;
			sourceTree = "<group>";
		};
		D1CF3FEE1E8F7A4600308A2C /* LaunchScreen.storyboard */ = {
			isa = PBXVariantGroup;
			children = (
				D1CF3FEF1E8F7A4600308A2C /* Base */,
			);
			name = LaunchScreen.storyboard;
			sourceTree = "<group>";
		};
/* End PBXVariantGroup section */

/* Begin XCBuildConfiguration section */
		D1CF40081E8F7A4700308A2C /* Debug */ = {
			isa = XCBuildConfiguration;
			buildSettings = {
				ALWAYS_SEARCH_USER_PATHS = NO;
				CLANG_ANALYZER_NONNULL = YES;
				CLANG_CXX_LANGUAGE_STANDARD = "gnu++0x";
				CLANG_CXX_LIBRARY = "libc++";
				CLANG_ENABLE_MODULES = YES;
				CLANG_ENABLE_OBJC_ARC = YES;
				CLANG_WARN_BOOL_CONVERSION = YES;
				CLANG_WARN_CONSTANT_CONVERSION = YES;
				CLANG_WARN_DIRECT_OBJC_ISA_USAGE = YES_ERROR;
				CLANG_WARN_DOCUMENTATION_COMMENTS = YES;
				CLANG_WARN_EMPTY_BODY = YES;
				CLANG_WARN_ENUM_CONVERSION = YES;
				CLANG_WARN_INFINITE_RECURSION = YES;
				CLANG_WARN_INT_CONVERSION = YES;
				CLANG_WARN_OBJC_ROOT_CLASS = YES_ERROR;
				CLANG_WARN_SUSPICIOUS_MOVES = YES;
				CLANG_WARN_UNREACHABLE_CODE = YES;
				CLANG_WARN__DUPLICATE_METHOD_MATCH = YES;
				"CODE_SIGN_IDENTITY[sdk=iphoneos*]" = "iPhone Developer";
				COPY_PHASE_STRIP = NO;
				DEBUG_INFORMATION_FORMAT = dwarf;
				ENABLE_STRICT_OBJC_MSGSEND = YES;
				ENABLE_TESTABILITY = YES;
				GCC_C_LANGUAGE_STANDARD = gnu99;
				GCC_DYNAMIC_NO_PIC = NO;
				GCC_NO_COMMON_BLOCKS = YES;
				GCC_OPTIMIZATION_LEVEL = 0;
				GCC_PREPROCESSOR_DEFINITIONS = (
					"DEBUG=1",
					"$(inherited)",
				);
				GCC_WARN_64_TO_32_BIT_CONVERSION = YES;
				GCC_WARN_ABOUT_RETURN_TYPE = YES_ERROR;
				GCC_WARN_UNDECLARED_SELECTOR = YES;
				GCC_WARN_UNINITIALIZED_AUTOS = YES_AGGRESSIVE;
				GCC_WARN_UNUSED_FUNCTION = YES;
				GCC_WARN_UNUSED_VARIABLE = YES;
				IPHONEOS_DEPLOYMENT_TARGET = 10.0;
				MTL_ENABLE_DEBUG_INFO = YES;
				ONLY_ACTIVE_ARCH = YES;
				SDKROOT = iphoneos;
				TARGETED_DEVICE_FAMILY = "1,2";
			};
			name = Debug;
		};
		D1CF40091E8F7A4700308A2C /* Release */ = {
			isa = XCBuildConfiguration;
			buildSettings = {
				ALWAYS_SEARCH_USER_PATHS = NO;
				CLANG_ANALYZER_NONNULL = YES;
				CLANG_CXX_LANGUAGE_STANDARD = "gnu++0x";
				CLANG_CXX_LIBRARY = "libc++";
				CLANG_ENABLE_MODULES = YES;
				CLANG_ENABLE_OBJC_ARC = YES;
				CLANG_WARN_BOOL_CONVERSION = YES;
				CLANG_WARN_CONSTANT_CONVERSION = YES;
				CLANG_WARN_DIRECT_OBJC_ISA_USAGE = YES_ERROR;
				CLANG_WARN_DOCUMENTATION_COMMENTS = YES;
				CLANG_WARN_EMPTY_BODY = YES;
				CLANG_WARN_ENUM_CONVERSION = YES;
				CLANG_WARN_INFINITE_RECURSION = YES;
				CLANG_WARN_INT_CONVERSION = YES;
				CLANG_WARN_OBJC_ROOT_CLASS = YES_ERROR;
				CLANG_WARN_SUSPICIOUS_MOVES = YES;
				CLANG_WARN_UNREACHABLE_CODE = YES;
				CLANG_WARN__DUPLICATE_METHOD_MATCH = YES;
				"CODE_SIGN_IDENTITY[sdk=iphoneos*]" = "iPhone Developer";
				COPY_PHASE_STRIP = NO;
				DEBUG_INFORMATION_FORMAT = "dwarf-with-dsym";
				ENABLE_NS_ASSERTIONS = NO;
				ENABLE_STRICT_OBJC_MSGSEND = YES;
				GCC_C_LANGUAGE_STANDARD = gnu99;
				GCC_NO_COMMON_BLOCKS = YES;
				GCC_WARN_64_TO_32_BIT_CONVERSION = YES;
				GCC_WARN_ABOUT_RETURN_TYPE = YES_ERROR;
				GCC_WARN_UNDECLARED_SELECTOR = YES;
				GCC_WARN_UNINITIALIZED_AUTOS = YES_AGGRESSIVE;
				GCC_WARN_UNUSED_FUNCTION = YES;
				GCC_WARN_UNUSED_VARIABLE = YES;
				IPHONEOS_DEPLOYMENT_TARGET = 10.0;
				MTL_ENABLE_DEBUG_INFO = NO;
				SDKROOT = iphoneos;
				TARGETED_DEVICE_FAMILY = "1,2";
				VALIDATE_PRODUCT = YES;
			};
			name = Release;
		};
		D1CF400B1E8F7A4700308A2C /* Debug */ = {
			isa = XCBuildConfiguration;
			baseConfigurationReference = 023020F17645EC6FA5F13C7B /* Pods-xiaozhao.debug.xcconfig */;
			buildSettings = {
				ASSETCATALOG_COMPILER_APPICON_NAME = AppIcon;
				ASSETCATALOG_COMPILER_LAUNCHIMAGE_NAME = LaunchImage;
				CLANG_ENABLE_MODULES = YES;
				"CODE_SIGN_IDENTITY[sdk=iphoneos*]" = "iPhone Developer";
				DEVELOPMENT_TEAM = R6Y3M6K898;
				INFOPLIST_FILE = xiaozhao/Info.plist;
				IPHONEOS_DEPLOYMENT_TARGET = 8.0;
				LD_RUNPATH_SEARCH_PATHS = "$(inherited) @executable_path/Frameworks";
				PRODUCT_BUNDLE_IDENTIFIER = com.max.xiaozh;
				PRODUCT_NAME = "$(TARGET_NAME)";
				SWIFT_OBJC_BRIDGING_HEADER = "xiaozhao-Bridging-Header.h";
				SWIFT_OPTIMIZATION_LEVEL = "-Onone";
				SWIFT_VERSION = 3.0;
			};
			name = Debug;
		};
		D1CF400C1E8F7A4700308A2C /* Release */ = {
			isa = XCBuildConfiguration;
			baseConfigurationReference = E73F9257F89555883A94B5C7 /* Pods-xiaozhao.release.xcconfig */;
			buildSettings = {
				ASSETCATALOG_COMPILER_APPICON_NAME = AppIcon;
				ASSETCATALOG_COMPILER_LAUNCHIMAGE_NAME = LaunchImage;
				CLANG_ENABLE_MODULES = YES;
				"CODE_SIGN_IDENTITY[sdk=iphoneos*]" = "iPhone Developer";
				DEVELOPMENT_TEAM = R6Y3M6K898;
				INFOPLIST_FILE = xiaozhao/Info.plist;
				IPHONEOS_DEPLOYMENT_TARGET = 8.0;
				LD_RUNPATH_SEARCH_PATHS = "$(inherited) @executable_path/Frameworks";
				PRODUCT_BUNDLE_IDENTIFIER = com.max.xiaozh;
				PRODUCT_NAME = "$(TARGET_NAME)";
				SWIFT_OBJC_BRIDGING_HEADER = "xiaozhao-Bridging-Header.h";
				SWIFT_VERSION = 3.0;
			};
			name = Release;
		};
		D1CF400E1E8F7A4700308A2C /* Debug */ = {
			isa = XCBuildConfiguration;
			buildSettings = {
				BUNDLE_LOADER = "$(TEST_HOST)";
				DEVELOPMENT_TEAM = R6Y3M6K898;
				INFOPLIST_FILE = xiaozhaoTests/Info.plist;
				LD_RUNPATH_SEARCH_PATHS = "$(inherited) @executable_path/Frameworks @loader_path/Frameworks";
				PRODUCT_BUNDLE_IDENTIFIER = com.max.xiaozhaoTests;
				PRODUCT_NAME = "$(TARGET_NAME)";
				TEST_HOST = "$(BUILT_PRODUCTS_DIR)/xiaozhao.app/xiaozhao";
			};
			name = Debug;
		};
		D1CF400F1E8F7A4700308A2C /* Release */ = {
			isa = XCBuildConfiguration;
			buildSettings = {
				BUNDLE_LOADER = "$(TEST_HOST)";
				DEVELOPMENT_TEAM = R6Y3M6K898;
				INFOPLIST_FILE = xiaozhaoTests/Info.plist;
				LD_RUNPATH_SEARCH_PATHS = "$(inherited) @executable_path/Frameworks @loader_path/Frameworks";
				PRODUCT_BUNDLE_IDENTIFIER = com.max.xiaozhaoTests;
				PRODUCT_NAME = "$(TARGET_NAME)";
				TEST_HOST = "$(BUILT_PRODUCTS_DIR)/xiaozhao.app/xiaozhao";
			};
			name = Release;
		};
		D1CF40111E8F7A4700308A2C /* Debug */ = {
			isa = XCBuildConfiguration;
			buildSettings = {
				DEVELOPMENT_TEAM = R6Y3M6K898;
				INFOPLIST_FILE = xiaozhaoUITests/Info.plist;
				LD_RUNPATH_SEARCH_PATHS = "$(inherited) @executable_path/Frameworks @loader_path/Frameworks";
				PRODUCT_BUNDLE_IDENTIFIER = com.max.xiaozhaoUITests;
				PRODUCT_NAME = "$(TARGET_NAME)";
				TEST_TARGET_NAME = xiaozhao;
			};
			name = Debug;
		};
		D1CF40121E8F7A4700308A2C /* Release */ = {
			isa = XCBuildConfiguration;
			buildSettings = {
				DEVELOPMENT_TEAM = R6Y3M6K898;
				INFOPLIST_FILE = xiaozhaoUITests/Info.plist;
				LD_RUNPATH_SEARCH_PATHS = "$(inherited) @executable_path/Frameworks @loader_path/Frameworks";
				PRODUCT_BUNDLE_IDENTIFIER = com.max.xiaozhaoUITests;
				PRODUCT_NAME = "$(TARGET_NAME)";
				TEST_TARGET_NAME = xiaozhao;
			};
			name = Release;
		};
/* End XCBuildConfiguration section */

/* Begin XCConfigurationList section */
		D1CF3FD81E8F7A4600308A2C /* Build configuration list for PBXProject "xiaozhao" */ = {
			isa = XCConfigurationList;
			buildConfigurations = (
				D1CF40081E8F7A4700308A2C /* Debug */,
				D1CF40091E8F7A4700308A2C /* Release */,
			);
			defaultConfigurationIsVisible = 0;
			defaultConfigurationName = Release;
		};
		D1CF400A1E8F7A4700308A2C /* Build configuration list for PBXNativeTarget "xiaozhao" */ = {
			isa = XCConfigurationList;
			buildConfigurations = (
				D1CF400B1E8F7A4700308A2C /* Debug */,
				D1CF400C1E8F7A4700308A2C /* Release */,
			);
			defaultConfigurationIsVisible = 0;
			defaultConfigurationName = Release;
		};
		D1CF400D1E8F7A4700308A2C /* Build configuration list for PBXNativeTarget "xiaozhaoTests" */ = {
			isa = XCConfigurationList;
			buildConfigurations = (
				D1CF400E1E8F7A4700308A2C /* Debug */,
				D1CF400F1E8F7A4700308A2C /* Release */,
			);
			defaultConfigurationIsVisible = 0;
			defaultConfigurationName = Release;
		};
		D1CF40101E8F7A4700308A2C /* Build configuration list for PBXNativeTarget "xiaozhaoUITests" */ = {
			isa = XCConfigurationList;
			buildConfigurations = (
				D1CF40111E8F7A4700308A2C /* Debug */,
				D1CF40121E8F7A4700308A2C /* Release */,
			);
			defaultConfigurationIsVisible = 0;
			defaultConfigurationName = Release;
		};
/* End XCConfigurationList section */
	};
	rootObject = D1CF3FD51E8F7A4600308A2C /* Project object */;
}
